
Microsoft Visual Studio Solution File, Format Version 12.00
# Visual Studio Version 17
VisualStudioVersion = 17.1.32328.378
MinimumVisualStudioVersion = 10.0.40219.1
Project("{9A19103F-16F7-4668-BE54-9A1E7A4F7556}") = "HouseTARgv20", "HouseTARgv20\HouseTARgv20.csproj", "{46DBA744-F9FF-4A58-AA03-6A430F9E7A05}"
	ProjectSection(ProjectDependencies) = postProject
		{02CE0C78-B485-4B53-8183-3AF6541CCBE0} = {02CE0C78-B485-4B53-8183-3AF6541CCBE0}
		{6760EFA0-B046-47E7-B92F-19ABA36A92FF} = {6760EFA0-B046-47E7-B92F-19ABA36A92FF}
	EndProjectSection
EndProject
Project("{9A19103F-16F7-4668-BE54-9A1E7A4F7556}") = "HouseTARgv20.Core", "HouseTARgv20.Core\HouseTARgv20.Core.csproj", "{660272A3-31C6-4457-9F64-4AE49AA47934}"
EndProject
Project("{9A19103F-16F7-4668-BE54-9A1E7A4F7556}") = "HouseTARgv20.ApplicationServices", "HouseTARgv20.ApplicationServices\HouseTARgv20.ApplicationServices.csproj", "{6760EFA0-B046-47E7-B92F-19ABA36A92FF}"
	ProjectSection(ProjectDependencies) = postProject
		{02CE0C78-B485-4B53-8183-3AF6541CCBE0} = {02CE0C78-B485-4B53-8183-3AF6541CCBE0}
	EndProjectSection
EndProject
Project("{9A19103F-16F7-4668-BE54-9A1E7A4F7556}") = "HouseTARgv20.Data", "HouseTARgv20.Data\HouseTARgv20.Data.csproj", "{02CE0C78-B485-4B53-8183-3AF6541CCBE0}"
	ProjectSection(ProjectDependencies) = postProject
		{660272A3-31C6-4457-9F64-4AE49AA47934} = {660272A3-31C6-4457-9F64-4AE49AA47934}
	EndProjectSection
EndProject
Project("{FAE04EC0-301F-11D3-BF4B-00C04F79EFBC}") = "HouseTARgv20Shop.Tests", "TestProject1\HouseTARgv20Shop.Tests.csproj", "{9A84510B-AF09-4A4E-86B5-D983DFC1FCA4}"
EndProject
Global
	GlobalSection(SolutionConfigurationPlatforms) = preSolution
		Debug|Any CPU = Debug|Any CPU
		Release|Any CPU = Release|Any CPU
	EndGlobalSection
	GlobalSection(ProjectConfigurationPlatforms) = postSolution
		{46DBA744-F9FF-4A58-AA03-6A430F9E7A05}.Debug|Any CPU.ActiveCfg = Debug|Any CPU
		{46DBA744-F9FF-4A58-AA03-6A430F9E7A05}.Debug|Any CPU.Build.0 = Debug|Any CPU
		{46DBA744-F9FF-4A58-AA03-6A430F9E7A05}.Release|Any CPU.ActiveCfg = Release|Any CPU
		{46DBA744-F9FF-4A58-AA03-6A430F9E7A05}.Release|Any CPU.Build.0 = Release|Any CPU
		{660272A3-31C6-4457-9F64-4AE49AA47934}.Debug|Any CPU.ActiveCfg = Debug|Any CPU
		{660272A3-31C6-4457-9F64-4AE49AA47934}.Debug|Any CPU.Build.0 = Debug|Any CPU
		{660272A3-31C6-4457-9F64-4AE49AA47934}.Release|Any CPU.ActiveCfg = Release|Any CPU
		{660272A3-31C6-4457-9F64-4AE49AA47934}.Release|Any CPU.Build.0 = Release|Any CPU
		{6760EFA0-B046-47E7-B92F-19ABA36A92FF}.Debug|Any CPU.ActiveCfg = Debug|Any CPU
		{6760EFA0-B046-47E7-B92F-19ABA36A92FF}.Debug|Any CPU.Build.0 = Debug|Any CPU
		{6760EFA0-B046-47E7-B92F-19ABA36A92FF}.Release|Any CPU.ActiveCfg = Release|Any CPU
		{6760EFA0-B046-47E7-B92F-19ABA36A92FF}.Release|Any CPU.Build.0 = Release|Any CPU
		{02CE0C78-B485-4B53-8183-3AF6541CCBE0}.Debug|Any CPU.ActiveCfg = Debug|Any CPU
		{02CE0C78-B485-4B53-8183-3AF6541CCBE0}.Debug|Any CPU.Build.0 = Debug|Any CPU
		{02CE0C78-B485-4B53-8183-3AF6541CCBE0}.Release|Any CPU.ActiveCfg = Release|Any CPU
		{02CE0C78-B485-4B53-8183-3AF6541CCBE0}.Release|Any CPU.Build.0 = Release|Any CPU
		{9A84510B-AF09-4A4E-86B5-D983DFC1FCA4}.Debug|Any CPU.ActiveCfg = Debug|Any CPU
		{9A84510B-AF09-4A4E-86B5-D983DFC1FCA4}.Debug|Any CPU.Build.0 = Debug|Any CPU
		{9A84510B-AF09-4A4E-86B5-D983DFC1FCA4}.Release|Any CPU.ActiveCfg = Release|Any CPU
		{9A84510B-AF09-4A4E-86B5-D983DFC1FCA4}.Release|Any CPU.Build.0 = Release|Any CPU
	EndGlobalSection
	GlobalSection(SolutionProperties) = preSolution
		HideSolutionNode = FALSE
	EndGlobalSection
	GlobalSection(ExtensibilityGlobals) = postSolution
		SolutionGuid = {4BE1F7D0-9960-439E-AC50-271387E8E4AD}
	EndGlobalSection
EndGlobal
